
Microsoft Visual Studio Solution File, Format Version 10.00
# Visual Studio 2008
Project("{8BC9CEB8-8B4A-11D0-8D11-00A0C91BC942}") = "Illumination", "Illumination.vcproj", "{D23C8D63-F075-4FC2-8B75-309C7631A067}"
EndProject
Global
	GlobalSection(SolutionConfigurationPlatforms) = preSolution
		Debug|Win32 = Debug|Win32
		Release|Win32 = Release|Win32
	EndGlobalSection
	GlobalSection(ProjectConfigurationPlatforms) = postSolution
		{D23C8D63-F075-4FC2-8B75-309C7631A067}.Debug|Win32.ActiveCfg = Debug|Win32
		{D23C8D63-F075-4FC2-8B75-309C7631A067}.Debug|Win32.Build.0 = Debug|Win32
		{D23C8D63-F075-4FC2-8B75-309C7631A067}.Release|Win32.ActiveCfg = Release|Win32
		{D23C8D63-F075-4FC2-8B75-309C7631A067}.Release|Win32.Build.0 = Release|Win32
	EndGlobalSection
	GlobalSection(SolutionProperties) = preSolution
		HideSolutionNode = FALSE
	EndGlobalSection
EndGlobal
