
Microsoft Visual Studio Solution File, Format Version 10.00
# Visual Studio 2008
Project("{8BC9CEB8-8B4A-11D0-8D11-00A0C91BC942}") = "Basis", "Basis\Basis.vcproj", "{43B42BFA-2C87-4694-97A5-5E075D5DDDE1}"
EndProject
Project("{8BC9CEB8-8B4A-11D0-8D11-00A0C91BC942}") = "Principle", "Principle\Principle.vcproj", "{B7BD720A-5F13-402A-A037-77B067A87B49}"
	ProjectSection(ProjectDependencies) = postProject
		{43B42BFA-2C87-4694-97A5-5E075D5DDDE1} = {43B42BFA-2C87-4694-97A5-5E075D5DDDE1}
	EndProjectSection
EndProject
Project("{8BC9CEB8-8B4A-11D0-8D11-00A0C91BC942}") = "Illumination", "Illumination\Illumination.vcproj", "{D23C8D63-F075-4FC2-8B75-309C7631A067}"
	ProjectSection(ProjectDependencies) = postProject
		{B7BD720A-5F13-402A-A037-77B067A87B49} = {B7BD720A-5F13-402A-A037-77B067A87B49}
		{43B42BFA-2C87-4694-97A5-5E075D5DDDE1} = {43B42BFA-2C87-4694-97A5-5E075D5DDDE1}
	EndProjectSection
EndProject
Project("{8BC9CEB8-8B4A-11D0-8D11-00A0C91BC942}") = "Nature", "Nature\Nature.vcproj", "{C0E29CF9-2C76-4E37-9F05-43BAA5EC24D8}"
	ProjectSection(ProjectDependencies) = postProject
		{B7BD720A-5F13-402A-A037-77B067A87B49} = {B7BD720A-5F13-402A-A037-77B067A87B49}
		{D23C8D63-F075-4FC2-8B75-309C7631A067} = {D23C8D63-F075-4FC2-8B75-309C7631A067}
		{43B42BFA-2C87-4694-97A5-5E075D5DDDE1} = {43B42BFA-2C87-4694-97A5-5E075D5DDDE1}
	EndProjectSection
EndProject
Project("{8BC9CEB8-8B4A-11D0-8D11-00A0C91BC942}") = "Controller", "Controller\Controller.vcproj", "{FA2E7DC0-F7ED-4321-B31F-22B79F0D9FFD}"
	ProjectSection(ProjectDependencies) = postProject
		{B7BD720A-5F13-402A-A037-77B067A87B49} = {B7BD720A-5F13-402A-A037-77B067A87B49}
		{D23C8D63-F075-4FC2-8B75-309C7631A067} = {D23C8D63-F075-4FC2-8B75-309C7631A067}
		{0999CDE6-A7E3-4D76-BB6A-D88CFF010F62} = {0999CDE6-A7E3-4D76-BB6A-D88CFF010F62}
		{C0E29CF9-2C76-4E37-9F05-43BAA5EC24D8} = {C0E29CF9-2C76-4E37-9F05-43BAA5EC24D8}
		{43B42BFA-2C87-4694-97A5-5E075D5DDDE1} = {43B42BFA-2C87-4694-97A5-5E075D5DDDE1}
	EndProjectSection
EndProject
Project("{8BC9CEB8-8B4A-11D0-8D11-00A0C91BC942}") = "SRL_Test", "SRL_Test\SRL_Test.vcproj", "{0999CDE6-A7E3-4D76-BB6A-D88CFF010F62}"
	ProjectSection(ProjectDependencies) = postProject
		{B7BD720A-5F13-402A-A037-77B067A87B49} = {B7BD720A-5F13-402A-A037-77B067A87B49}
		{D23C8D63-F075-4FC2-8B75-309C7631A067} = {D23C8D63-F075-4FC2-8B75-309C7631A067}
		{C0E29CF9-2C76-4E37-9F05-43BAA5EC24D8} = {C0E29CF9-2C76-4E37-9F05-43BAA5EC24D8}
		{43B42BFA-2C87-4694-97A5-5E075D5DDDE1} = {43B42BFA-2C87-4694-97A5-5E075D5DDDE1}
	EndProjectSection
EndProject
Global
	GlobalSection(SolutionConfigurationPlatforms) = preSolution
		Debug|Win32 = Debug|Win32
		Debug|x64 = Debug|x64
		OpenMP Debug|Win32 = OpenMP Debug|Win32
		OpenMP Debug|x64 = OpenMP Debug|x64
		OpenMP Release|Win32 = OpenMP Release|Win32
		OpenMP Release|x64 = OpenMP Release|x64
		Release|Win32 = Release|Win32
		Release|x64 = Release|x64
	EndGlobalSection
	GlobalSection(ProjectConfigurationPlatforms) = postSolution
		{43B42BFA-2C87-4694-97A5-5E075D5DDDE1}.Debug|Win32.ActiveCfg = Debug|Win32
		{43B42BFA-2C87-4694-97A5-5E075D5DDDE1}.Debug|Win32.Build.0 = Debug|Win32
		{43B42BFA-2C87-4694-97A5-5E075D5DDDE1}.Debug|x64.ActiveCfg = Debug|x64
		{43B42BFA-2C87-4694-97A5-5E075D5DDDE1}.Debug|x64.Build.0 = Debug|x64
		{43B42BFA-2C87-4694-97A5-5E075D5DDDE1}.OpenMP Debug|Win32.ActiveCfg = OpenMP Debug|Win32
		{43B42BFA-2C87-4694-97A5-5E075D5DDDE1}.OpenMP Debug|Win32.Build.0 = OpenMP Debug|Win32
		{43B42BFA-2C87-4694-97A5-5E075D5DDDE1}.OpenMP Debug|x64.ActiveCfg = OpenMP Debug|x64
		{43B42BFA-2C87-4694-97A5-5E075D5DDDE1}.OpenMP Debug|x64.Build.0 = OpenMP Debug|x64
		{43B42BFA-2C87-4694-97A5-5E075D5DDDE1}.OpenMP Release|Win32.ActiveCfg = OpenMP Release|Win32
		{43B42BFA-2C87-4694-97A5-5E075D5DDDE1}.OpenMP Release|Win32.Build.0 = OpenMP Release|Win32
		{43B42BFA-2C87-4694-97A5-5E075D5DDDE1}.OpenMP Release|x64.ActiveCfg = OpenMP Release|x64
		{43B42BFA-2C87-4694-97A5-5E075D5DDDE1}.OpenMP Release|x64.Build.0 = OpenMP Release|x64
		{43B42BFA-2C87-4694-97A5-5E075D5DDDE1}.Release|Win32.ActiveCfg = Release|Win32
		{43B42BFA-2C87-4694-97A5-5E075D5DDDE1}.Release|Win32.Build.0 = Release|Win32
		{43B42BFA-2C87-4694-97A5-5E075D5DDDE1}.Release|x64.ActiveCfg = Release|x64
		{43B42BFA-2C87-4694-97A5-5E075D5DDDE1}.Release|x64.Build.0 = Release|x64
		{B7BD720A-5F13-402A-A037-77B067A87B49}.Debug|Win32.ActiveCfg = Debug|Win32
		{B7BD720A-5F13-402A-A037-77B067A87B49}.Debug|Win32.Build.0 = Debug|Win32
		{B7BD720A-5F13-402A-A037-77B067A87B49}.Debug|x64.ActiveCfg = Debug|x64
		{B7BD720A-5F13-402A-A037-77B067A87B49}.Debug|x64.Build.0 = Debug|x64
		{B7BD720A-5F13-402A-A037-77B067A87B49}.OpenMP Debug|Win32.ActiveCfg = OpenMP Debug|Win32
		{B7BD720A-5F13-402A-A037-77B067A87B49}.OpenMP Debug|Win32.Build.0 = OpenMP Debug|Win32
		{B7BD720A-5F13-402A-A037-77B067A87B49}.OpenMP Debug|x64.ActiveCfg = OpenMP Debug|x64
		{B7BD720A-5F13-402A-A037-77B067A87B49}.OpenMP Debug|x64.Build.0 = OpenMP Debug|x64
		{B7BD720A-5F13-402A-A037-77B067A87B49}.OpenMP Release|Win32.ActiveCfg = OpenMP Release|Win32
		{B7BD720A-5F13-402A-A037-77B067A87B49}.OpenMP Release|Win32.Build.0 = OpenMP Release|Win32
		{B7BD720A-5F13-402A-A037-77B067A87B49}.OpenMP Release|x64.ActiveCfg = OpenMP Release|x64
		{B7BD720A-5F13-402A-A037-77B067A87B49}.OpenMP Release|x64.Build.0 = OpenMP Release|x64
		{B7BD720A-5F13-402A-A037-77B067A87B49}.Release|Win32.ActiveCfg = Release|Win32
		{B7BD720A-5F13-402A-A037-77B067A87B49}.Release|Win32.Build.0 = Release|Win32
		{B7BD720A-5F13-402A-A037-77B067A87B49}.Release|x64.ActiveCfg = Release|x64
		{B7BD720A-5F13-402A-A037-77B067A87B49}.Release|x64.Build.0 = Release|x64
		{D23C8D63-F075-4FC2-8B75-309C7631A067}.Debug|Win32.ActiveCfg = Debug|Win32
		{D23C8D63-F075-4FC2-8B75-309C7631A067}.Debug|Win32.Build.0 = Debug|Win32
		{D23C8D63-F075-4FC2-8B75-309C7631A067}.Debug|x64.ActiveCfg = Debug|x64
		{D23C8D63-F075-4FC2-8B75-309C7631A067}.Debug|x64.Build.0 = Debug|x64
		{D23C8D63-F075-4FC2-8B75-309C7631A067}.OpenMP Debug|Win32.ActiveCfg = OpenMP Debug|Win32
		{D23C8D63-F075-4FC2-8B75-309C7631A067}.OpenMP Debug|Win32.Build.0 = OpenMP Debug|Win32
		{D23C8D63-F075-4FC2-8B75-309C7631A067}.OpenMP Debug|x64.ActiveCfg = OpenMP Debug|x64
		{D23C8D63-F075-4FC2-8B75-309C7631A067}.OpenMP Debug|x64.Build.0 = OpenMP Debug|x64
		{D23C8D63-F075-4FC2-8B75-309C7631A067}.OpenMP Release|Win32.ActiveCfg = OpenMP Release|Win32
		{D23C8D63-F075-4FC2-8B75-309C7631A067}.OpenMP Release|Win32.Build.0 = OpenMP Release|Win32
		{D23C8D63-F075-4FC2-8B75-309C7631A067}.OpenMP Release|x64.ActiveCfg = OpenMP Release|x64
		{D23C8D63-F075-4FC2-8B75-309C7631A067}.OpenMP Release|x64.Build.0 = OpenMP Release|x64
		{D23C8D63-F075-4FC2-8B75-309C7631A067}.Release|Win32.ActiveCfg = Release|Win32
		{D23C8D63-F075-4FC2-8B75-309C7631A067}.Release|Win32.Build.0 = Release|Win32
		{D23C8D63-F075-4FC2-8B75-309C7631A067}.Release|x64.ActiveCfg = Release|x64
		{D23C8D63-F075-4FC2-8B75-309C7631A067}.Release|x64.Build.0 = Release|x64
		{C0E29CF9-2C76-4E37-9F05-43BAA5EC24D8}.Debug|Win32.ActiveCfg = Debug|Win32
		{C0E29CF9-2C76-4E37-9F05-43BAA5EC24D8}.Debug|Win32.Build.0 = Debug|Win32
		{C0E29CF9-2C76-4E37-9F05-43BAA5EC24D8}.Debug|x64.ActiveCfg = Debug|x64
		{C0E29CF9-2C76-4E37-9F05-43BAA5EC24D8}.Debug|x64.Build.0 = Debug|x64
		{C0E29CF9-2C76-4E37-9F05-43BAA5EC24D8}.OpenMP Debug|Win32.ActiveCfg = OpenMP Debug|Win32
		{C0E29CF9-2C76-4E37-9F05-43BAA5EC24D8}.OpenMP Debug|Win32.Build.0 = OpenMP Debug|Win32
		{C0E29CF9-2C76-4E37-9F05-43BAA5EC24D8}.OpenMP Debug|x64.ActiveCfg = OpenMP Debug|x64
		{C0E29CF9-2C76-4E37-9F05-43BAA5EC24D8}.OpenMP Debug|x64.Build.0 = OpenMP Debug|x64
		{C0E29CF9-2C76-4E37-9F05-43BAA5EC24D8}.OpenMP Release|Win32.ActiveCfg = OpenMP Release|Win32
		{C0E29CF9-2C76-4E37-9F05-43BAA5EC24D8}.OpenMP Release|Win32.Build.0 = OpenMP Release|Win32
		{C0E29CF9-2C76-4E37-9F05-43BAA5EC24D8}.OpenMP Release|x64.ActiveCfg = OpenMP Release|x64
		{C0E29CF9-2C76-4E37-9F05-43BAA5EC24D8}.OpenMP Release|x64.Build.0 = OpenMP Release|x64
		{C0E29CF9-2C76-4E37-9F05-43BAA5EC24D8}.Release|Win32.ActiveCfg = Release|Win32
		{C0E29CF9-2C76-4E37-9F05-43BAA5EC24D8}.Release|Win32.Build.0 = Release|Win32
		{C0E29CF9-2C76-4E37-9F05-43BAA5EC24D8}.Release|x64.ActiveCfg = Release|x64
		{C0E29CF9-2C76-4E37-9F05-43BAA5EC24D8}.Release|x64.Build.0 = Release|x64
		{FA2E7DC0-F7ED-4321-B31F-22B79F0D9FFD}.Debug|Win32.ActiveCfg = Debug|Win32
		{FA2E7DC0-F7ED-4321-B31F-22B79F0D9FFD}.Debug|Win32.Build.0 = Debug|Win32
		{FA2E7DC0-F7ED-4321-B31F-22B79F0D9FFD}.Debug|x64.ActiveCfg = Debug|x64
		{FA2E7DC0-F7ED-4321-B31F-22B79F0D9FFD}.Debug|x64.Build.0 = Debug|x64
		{FA2E7DC0-F7ED-4321-B31F-22B79F0D9FFD}.OpenMP Debug|Win32.ActiveCfg = OpenMP Debug|Win32
		{FA2E7DC0-F7ED-4321-B31F-22B79F0D9FFD}.OpenMP Debug|Win32.Build.0 = OpenMP Debug|Win32
		{FA2E7DC0-F7ED-4321-B31F-22B79F0D9FFD}.OpenMP Debug|x64.ActiveCfg = OpenMP Debug|x64
		{FA2E7DC0-F7ED-4321-B31F-22B79F0D9FFD}.OpenMP Debug|x64.Build.0 = OpenMP Debug|x64
		{FA2E7DC0-F7ED-4321-B31F-22B79F0D9FFD}.OpenMP Release|Win32.ActiveCfg = OpenMP Release|Win32
		{FA2E7DC0-F7ED-4321-B31F-22B79F0D9FFD}.OpenMP Release|Win32.Build.0 = OpenMP Release|Win32
		{FA2E7DC0-F7ED-4321-B31F-22B79F0D9FFD}.OpenMP Release|x64.ActiveCfg = OpenMP Release|x64
		{FA2E7DC0-F7ED-4321-B31F-22B79F0D9FFD}.OpenMP Release|x64.Build.0 = OpenMP Release|x64
		{FA2E7DC0-F7ED-4321-B31F-22B79F0D9FFD}.Release|Win32.ActiveCfg = Release|Win32
		{FA2E7DC0-F7ED-4321-B31F-22B79F0D9FFD}.Release|Win32.Build.0 = Release|Win32
		{FA2E7DC0-F7ED-4321-B31F-22B79F0D9FFD}.Release|x64.ActiveCfg = Release|x64
		{FA2E7DC0-F7ED-4321-B31F-22B79F0D9FFD}.Release|x64.Build.0 = Release|x64
		{0999CDE6-A7E3-4D76-BB6A-D88CFF010F62}.Debug|Win32.ActiveCfg = Debug|Win32
		{0999CDE6-A7E3-4D76-BB6A-D88CFF010F62}.Debug|Win32.Build.0 = Debug|Win32
		{0999CDE6-A7E3-4D76-BB6A-D88CFF010F62}.Debug|x64.ActiveCfg = Debug|x64
		{0999CDE6-A7E3-4D76-BB6A-D88CFF010F62}.Debug|x64.Build.0 = Debug|x64
		{0999CDE6-A7E3-4D76-BB6A-D88CFF010F62}.OpenMP Debug|Win32.ActiveCfg = Debug|Win32
		{0999CDE6-A7E3-4D76-BB6A-D88CFF010F62}.OpenMP Debug|Win32.Build.0 = Debug|Win32
		{0999CDE6-A7E3-4D76-BB6A-D88CFF010F62}.OpenMP Debug|x64.ActiveCfg = OpenMP Debug|x64
		{0999CDE6-A7E3-4D76-BB6A-D88CFF010F62}.OpenMP Debug|x64.Build.0 = OpenMP Debug|x64
		{0999CDE6-A7E3-4D76-BB6A-D88CFF010F62}.OpenMP Release|Win32.ActiveCfg = OpenMP Release|Win32
		{0999CDE6-A7E3-4D76-BB6A-D88CFF010F62}.OpenMP Release|Win32.Build.0 = OpenMP Release|Win32
		{0999CDE6-A7E3-4D76-BB6A-D88CFF010F62}.OpenMP Release|x64.ActiveCfg = OpenMP Release|x64
		{0999CDE6-A7E3-4D76-BB6A-D88CFF010F62}.OpenMP Release|x64.Build.0 = OpenMP Release|x64
		{0999CDE6-A7E3-4D76-BB6A-D88CFF010F62}.Release|Win32.ActiveCfg = Release|Win32
		{0999CDE6-A7E3-4D76-BB6A-D88CFF010F62}.Release|Win32.Build.0 = Release|Win32
		{0999CDE6-A7E3-4D76-BB6A-D88CFF010F62}.Release|x64.ActiveCfg = Release|x64
		{0999CDE6-A7E3-4D76-BB6A-D88CFF010F62}.Release|x64.Build.0 = Release|x64
	EndGlobalSection
	GlobalSection(SolutionProperties) = preSolution
		HideSolutionNode = FALSE
	EndGlobalSection
EndGlobal
